
Microsoft Visual Studio Solution File, Format Version 12.00
# Visual Studio Version 17
VisualStudioVersion = 17.14.36310.24
MinimumVisualStudioVersion = 10.0.40219.1
Project("{8BC9CEB8-8B4A-11D0-8D11-00A0C91BC942}") = "Player", "WindowsGuessingGame.vcxproj", "{45D52C39-DA9C-4F21-9A0E-50F142795306}"
EndProject
Project("{8BC9CEB8-8B4A-11D0-8D11-00A0C91BC942}") = "Server", "..\Server\Server.vcxproj", "{DD8FE101-7FB8-42B6-B6AA-C1428800C474}"
EndProject
Project("{8BC9CEB8-8B4A-11D0-8D11-00A0C91BC942}") = "Player2", "..\Player2\Player2.vcxproj", "{6583180A-34C7-4A94-83C2-B84B07D5F58C}"
EndProject
Project("{8BC9CEB8-8B4A-11D0-8D11-00A0C91BC942}") = "Player3", "..\Player3\Player3.vcxproj", "{4EECC269-F707-4FFB-A12F-E90395EC8835}"
EndProject
Global
	GlobalSection(SolutionConfigurationPlatforms) = preSolution
		Debug|x64 = Debug|x64
		Debug|x86 = Debug|x86
		Release|x64 = Release|x64
		Release|x86 = Release|x86
	EndGlobalSection
	GlobalSection(ProjectConfigurationPlatforms) = postSolution
		{45D52C39-DA9C-4F21-9A0E-50F142795306}.Debug|x64.ActiveCfg = Debug|x64
		{45D52C39-DA9C-4F21-9A0E-50F142795306}.Debug|x64.Build.0 = Debug|x64
		{45D52C39-DA9C-4F21-9A0E-50F142795306}.Debug|x86.ActiveCfg = Debug|Win32
		{45D52C39-DA9C-4F21-9A0E-50F142795306}.Debug|x86.Build.0 = Debug|Win32
		{45D52C39-DA9C-4F21-9A0E-50F142795306}.Release|x64.ActiveCfg = Debug|x64
		{45D52C39-DA9C-4F21-9A0E-50F142795306}.Release|x64.Build.0 = Debug|x64
		{45D52C39-DA9C-4F21-9A0E-50F142795306}.Release|x86.ActiveCfg = Release|Win32
		{45D52C39-DA9C-4F21-9A0E-50F142795306}.Release|x86.Build.0 = Release|Win32
		{DD8FE101-7FB8-42B6-B6AA-C1428800C474}.Debug|x64.ActiveCfg = Debug|x64
		{DD8FE101-7FB8-42B6-B6AA-C1428800C474}.Debug|x64.Build.0 = Debug|x64
		{DD8FE101-7FB8-42B6-B6AA-C1428800C474}.Debug|x86.ActiveCfg = Debug|Win32
		{DD8FE101-7FB8-42B6-B6AA-C1428800C474}.Debug|x86.Build.0 = Debug|Win32
		{DD8FE101-7FB8-42B6-B6AA-C1428800C474}.Release|x64.ActiveCfg = Debug|x64
		{DD8FE101-7FB8-42B6-B6AA-C1428800C474}.Release|x64.Build.0 = Debug|x64
		{DD8FE101-7FB8-42B6-B6AA-C1428800C474}.Release|x86.ActiveCfg = Release|Win32
		{DD8FE101-7FB8-42B6-B6AA-C1428800C474}.Release|x86.Build.0 = Release|Win32
		{6583180A-34C7-4A94-83C2-B84B07D5F58C}.Debug|x64.ActiveCfg = Debug|x64
		{6583180A-34C7-4A94-83C2-B84B07D5F58C}.Debug|x64.Build.0 = Debug|x64
		{6583180A-34C7-4A94-83C2-B84B07D5F58C}.Debug|x86.ActiveCfg = Debug|Win32
		{6583180A-34C7-4A94-83C2-B84B07D5F58C}.Debug|x86.Build.0 = Debug|Win32
		{6583180A-34C7-4A94-83C2-B84B07D5F58C}.Release|x64.ActiveCfg = Release|x64
		{6583180A-34C7-4A94-83C2-B84B07D5F58C}.Release|x64.Build.0 = Release|x64
		{6583180A-34C7-4A94-83C2-B84B07D5F58C}.Release|x86.ActiveCfg = Release|Win32
		{6583180A-34C7-4A94-83C2-B84B07D5F58C}.Release|x86.Build.0 = Release|Win32
		{4EECC269-F707-4FFB-A12F-E90395EC8835}.Debug|x64.ActiveCfg = Debug|x64
		{4EECC269-F707-4FFB-A12F-E90395EC8835}.Debug|x64.Build.0 = Debug|x64
		{4EECC269-F707-4FFB-A12F-E90395EC8835}.Debug|x86.ActiveCfg = Debug|Win32
		{4EECC269-F707-4FFB-A12F-E90395EC8835}.Debug|x86.Build.0 = Debug|Win32
		{4EECC269-F707-4FFB-A12F-E90395EC8835}.Release|x64.ActiveCfg = Release|x64
		{4EECC269-F707-4FFB-A12F-E90395EC8835}.Release|x64.Build.0 = Release|x64
		{4EECC269-F707-4FFB-A12F-E90395EC8835}.Release|x86.ActiveCfg = Release|Win32
		{4EECC269-F707-4FFB-A12F-E90395EC8835}.Release|x86.Build.0 = Release|Win32
	EndGlobalSection
	GlobalSection(SolutionProperties) = preSolution
		HideSolutionNode = FALSE
	EndGlobalSection
	GlobalSection(ExtensibilityGlobals) = postSolution
		SolutionGuid = {9BF88976-1FFB-465B-90F8-AA14AC05CA86}
	EndGlobalSection
EndGlobal
